
Microsoft Visual Studio Solution File, Format Version 12.00
# Visual Studio Version 17
VisualStudioVersion = 17.0.31903.59
MinimumVisualStudioVersion = 10.0.40219.1
Project("{FAE04EC0-301F-11D3-BF4B-00C04F79EFBC}") = "EfBookApp.Api", "EfBookApp.Api\EfBookApp.Api.csproj", "{39A497EC-0FB9-49B8-8D9E-8829632AE93F}"
EndProject
Project("{FAE04EC0-301F-11D3-BF4B-00C04F79EFBC}") = "EfBookApp.DataLayer", "EfBookApp.DataLayer\EfBookApp.DataLayer.csproj", "{2297FDF0-CB15-4976-8B97-2F401FC93C02}"
EndProject
Project("{FAE04EC0-301F-11D3-BF4B-00C04F79EFBC}") = "EfBookApp.ServiceLayer", "EfBookApp.ServiceLayer\EfBookApp.ServiceLayer.csproj", "{9CFE5FF0-F6E6-49ED-B10F-C5E8CF1BA980}"
EndProject
Global
	GlobalSection(SolutionConfigurationPlatforms) = preSolution
		Debug|Any CPU = Debug|Any CPU
		Release|Any CPU = Release|Any CPU
	EndGlobalSection
	GlobalSection(SolutionProperties) = preSolution
		HideSolutionNode = FALSE
	EndGlobalSection
	GlobalSection(ProjectConfigurationPlatforms) = postSolution
		{39A497EC-0FB9-49B8-8D9E-8829632AE93F}.Debug|Any CPU.ActiveCfg = Debug|Any CPU
		{39A497EC-0FB9-49B8-8D9E-8829632AE93F}.Debug|Any CPU.Build.0 = Debug|Any CPU
		{39A497EC-0FB9-49B8-8D9E-8829632AE93F}.Release|Any CPU.ActiveCfg = Release|Any CPU
		{39A497EC-0FB9-49B8-8D9E-8829632AE93F}.Release|Any CPU.Build.0 = Release|Any CPU
		{2297FDF0-CB15-4976-8B97-2F401FC93C02}.Debug|Any CPU.ActiveCfg = Debug|Any CPU
		{2297FDF0-CB15-4976-8B97-2F401FC93C02}.Debug|Any CPU.Build.0 = Debug|Any CPU
		{2297FDF0-CB15-4976-8B97-2F401FC93C02}.Release|Any CPU.ActiveCfg = Release|Any CPU
		{2297FDF0-CB15-4976-8B97-2F401FC93C02}.Release|Any CPU.Build.0 = Release|Any CPU
		{9CFE5FF0-F6E6-49ED-B10F-C5E8CF1BA980}.Debug|Any CPU.ActiveCfg = Debug|Any CPU
		{9CFE5FF0-F6E6-49ED-B10F-C5E8CF1BA980}.Debug|Any CPU.Build.0 = Debug|Any CPU
		{9CFE5FF0-F6E6-49ED-B10F-C5E8CF1BA980}.Release|Any CPU.ActiveCfg = Release|Any CPU
		{9CFE5FF0-F6E6-49ED-B10F-C5E8CF1BA980}.Release|Any CPU.Build.0 = Release|Any CPU
	EndGlobalSection
EndGlobal
